
Microsoft Visual Studio Solution File, Format Version 12.00
# Visual Studio Version 17
VisualStudioVersion = 17.5.002.0
MinimumVisualStudioVersion = 10.0.40219.1
Project("{9A19103F-16F7-4668-BE54-9A1E7A4F7556}") = "HangmanGame", "HangmanGame.csproj", "{92E2D7C8-4C4E-4A66-A4EA-C83FF860D337}"
EndProject
Global
	GlobalSection(SolutionConfigurationPlatforms) = preSolution
		Debug|Any CPU = Debug|Any CPU
		Release|Any CPU = Release|Any CPU
	EndGlobalSection
	GlobalSection(ProjectConfigurationPlatforms) = postSolution
		{92E2D7C8-4C4E-4A66-A4EA-C83FF860D337}.Debug|Any CPU.ActiveCfg = Debug|Any CPU
		{92E2D7C8-4C4E-4A66-A4EA-C83FF860D337}.Debug|Any CPU.Build.0 = Debug|Any CPU
		{92E2D7C8-4C4E-4A66-A4EA-C83FF860D337}.Release|Any CPU.ActiveCfg = Release|Any CPU
		{92E2D7C8-4C4E-4A66-A4EA-C83FF860D337}.Release|Any CPU.Build.0 = Release|Any CPU
	EndGlobalSection
	GlobalSection(SolutionProperties) = preSolution
		HideSolutionNode = FALSE
	EndGlobalSection
	GlobalSection(ExtensibilityGlobals) = postSolution
		SolutionGuid = {75DD6BA8-94E3-40DA-8A0C-4F1BBF68DF19}
	EndGlobalSection
EndGlobal
